
Microsoft Visual Studio Solution File, Format Version 12.00
# Visual Studio Version 17
VisualStudioVersion = 17.5.002.0
MinimumVisualStudioVersion = 10.0.40219.1
Project("{2150E333-8FDC-42A3-9474-1A3956D46DE8}") = "src", "src", "{6E5A58D3-1FF3-429F-81EB-56CFAFC477C4}"
EndProject
Project("{9A19103F-16F7-4668-BE54-9A1E7A4F7556}") = "Bookify.Domain", "src\Bookify.Domain\Bookify.Domain.csproj", "{92FB86C5-1AC8-4183-BA74-83E802B2805A}"
EndProject
Project("{9A19103F-16F7-4668-BE54-9A1E7A4F7556}") = "Bookify.Application", "src\Bookify.Application\Bookify.Application.csproj", "{BD358A7C-6A3A-4275-85EA-7DE9BB68A107}"
EndProject
Project("{9A19103F-16F7-4668-BE54-9A1E7A4F7556}") = "Bookify.Infrastructure", "src\Bookify.Infrastructure\Bookify.Infrastructure.csproj", "{DB168EFF-8654-4AD5-97A4-4C2BAD6E3E28}"
EndProject
Global
	GlobalSection(SolutionConfigurationPlatforms) = preSolution
		Debug|Any CPU = Debug|Any CPU
		Release|Any CPU = Release|Any CPU
	EndGlobalSection
	GlobalSection(ProjectConfigurationPlatforms) = postSolution
		{92FB86C5-1AC8-4183-BA74-83E802B2805A}.Debug|Any CPU.ActiveCfg = Debug|Any CPU
		{92FB86C5-1AC8-4183-BA74-83E802B2805A}.Debug|Any CPU.Build.0 = Debug|Any CPU
		{92FB86C5-1AC8-4183-BA74-83E802B2805A}.Release|Any CPU.ActiveCfg = Release|Any CPU
		{92FB86C5-1AC8-4183-BA74-83E802B2805A}.Release|Any CPU.Build.0 = Release|Any CPU
		{BD358A7C-6A3A-4275-85EA-7DE9BB68A107}.Debug|Any CPU.ActiveCfg = Debug|Any CPU
		{BD358A7C-6A3A-4275-85EA-7DE9BB68A107}.Debug|Any CPU.Build.0 = Debug|Any CPU
		{BD358A7C-6A3A-4275-85EA-7DE9BB68A107}.Release|Any CPU.ActiveCfg = Release|Any CPU
		{BD358A7C-6A3A-4275-85EA-7DE9BB68A107}.Release|Any CPU.Build.0 = Release|Any CPU
		{DB168EFF-8654-4AD5-97A4-4C2BAD6E3E28}.Debug|Any CPU.ActiveCfg = Debug|Any CPU
		{DB168EFF-8654-4AD5-97A4-4C2BAD6E3E28}.Debug|Any CPU.Build.0 = Debug|Any CPU
		{DB168EFF-8654-4AD5-97A4-4C2BAD6E3E28}.Release|Any CPU.ActiveCfg = Release|Any CPU
		{DB168EFF-8654-4AD5-97A4-4C2BAD6E3E28}.Release|Any CPU.Build.0 = Release|Any CPU
	EndGlobalSection
	GlobalSection(SolutionProperties) = preSolution
		HideSolutionNode = FALSE
	EndGlobalSection
	GlobalSection(NestedProjects) = preSolution
		{92FB86C5-1AC8-4183-BA74-83E802B2805A} = {6E5A58D3-1FF3-429F-81EB-56CFAFC477C4}
		{BD358A7C-6A3A-4275-85EA-7DE9BB68A107} = {6E5A58D3-1FF3-429F-81EB-56CFAFC477C4}
		{DB168EFF-8654-4AD5-97A4-4C2BAD6E3E28} = {6E5A58D3-1FF3-429F-81EB-56CFAFC477C4}
	EndGlobalSection
	GlobalSection(ExtensibilityGlobals) = postSolution
		SolutionGuid = {3199B24F-24E1-4C89-8FA2-738C7BC60C91}
	EndGlobalSection
EndGlobal
